
Microsoft Visual Studio Solution File, Format Version 12.00
# Visual Studio Version 17
VisualStudioVersion = 17.5.002.0
MinimumVisualStudioVersion = 10.0.40219.1
Project("{9A19103F-16F7-4668-BE54-9A1E7A4F7556}") = "Bellon.API.Liquidacion", "Bellon.API.Liquidacion.csproj", "{03EF5283-43B0-498E-92FC-9488284C1F1A}"
EndProject
Global
	GlobalSection(SolutionConfigurationPlatforms) = preSolution
		Debug|Any CPU = Debug|Any CPU
		Release|Any CPU = Release|Any CPU
	EndGlobalSection
	GlobalSection(ProjectConfigurationPlatforms) = postSolution
		{03EF5283-43B0-498E-92FC-9488284C1F1A}.Debug|Any CPU.ActiveCfg = Debug|Any CPU
		{03EF5283-43B0-498E-92FC-9488284C1F1A}.Debug|Any CPU.Build.0 = Debug|Any CPU
		{03EF5283-43B0-498E-92FC-9488284C1F1A}.Release|Any CPU.ActiveCfg = Release|Any CPU
		{03EF5283-43B0-498E-92FC-9488284C1F1A}.Release|Any CPU.Build.0 = Release|Any CPU
	EndGlobalSection
	GlobalSection(SolutionProperties) = preSolution
		HideSolutionNode = FALSE
	EndGlobalSection
	GlobalSection(ExtensibilityGlobals) = postSolution
		SolutionGuid = {B22DD3EA-8D6C-485E-9197-4AEC0A7D098E}
	EndGlobalSection
EndGlobal
